# This file was autogenerated by uv via the following command:
#    uv pip compile pyproject.toml -o uv.lock
aiofile==3.11.1
    # via py-key-value-aio
aiofiles==24.1.0
    # via crewai
aiohappyeyeballs==2.7.1
    # via aiohttp
aiohttp==3.14.3
    # via
    #   instructor
    #   kubernetes
    #   litellm
aiosignal==1.4.0
    # via aiohttp
aiosqlite==0.21.0
    # via
    #   stock-market-researcher-backend (pyproject.toml)
    #   crewai
alembic==1.18.5
    # via stock-market-researcher-backend (pyproject.toml)
annotated-doc==0.0.5
    # via
    #   fastapi
    #   typer
annotated-types==0.8.0
    # via pydantic
anyio==4.14.2
    # via
    #   google-genai
    #   httpx
    #   langsmith
    #   mcp
    #   openai
    #   py-key-value-aio
    #   sse-starlette
    #   starlette
    #   watchfiles
appdirs==1.4.4
    # via
    #   crewai
    #   crewai-cli
    #   crewai-core
asyncpg==0.31.0
    # via stock-market-researcher-backend (pyproject.toml)
attrs==26.1.0
    # via
    #   aiohttp
    #   cyclopts
    #   jsonschema
    #   jsonschema-path
    #   referencing
authlib==1.7.2
    # via fastmcp-slim
backoff==2.2.1
    # via
    #   langfuse
    #   posthog
bcrypt==5.0.0
    # via chromadb
beartype==0.22.9
    # via py-key-value-aio
beautifulsoup4==4.15.0
    # via yfinance
brotli==1.2.0
    # via fonttools
build==1.5.0
    # via chromadb
cachetools==7.1.6
    # via py-key-value-aio
caio==0.9.25
    # via aiofile
cel-python==0.5.0
    # via crewai
certifi==2026.7.22
    # via
    #   crewai-cli
    #   curl-cffi
    #   httpcore
    #   httpx
    #   kubernetes
    #   requests
    #   sentry-sdk
cffi==2.1.0
    # via
    #   cryptography
    #   curl-cffi
    #   weasyprint
charset-normalizer==3.4.9
    # via
    #   pdfminer-six
    #   requests
chromadb==1.1.1
    # via
    #   stock-market-researcher-backend (pyproject.toml)
    #   crewai
    #   langchain-chroma
click==8.4.2
    # via
    #   crewai
    #   crewai-cli
    #   huggingface-hub
    #   litellm
    #   rich-toolkit
    #   uvicorn
colorama==0.4.6
    # via
    #   build
    #   click
    #   tqdm
    #   typer
crewai==1.15.10
    # via stock-market-researcher-backend (pyproject.toml)
crewai-cli==1.15.10
    # via crewai
crewai-core==1.15.10
    # via
    #   crewai
    #   crewai-cli
cryptography==50.0.0
    # via
    #   authlib
    #   crewai-cli
    #   crewai-core
    #   google-auth
    #   joserfc
    #   pdfminer-six
    #   pyjwt
cssselect2==0.9.0
    # via weasyprint
curl-cffi==0.15.0
    # via yfinance
cyclopts==4.22.3
    # via fastmcp-slim
defusedxml==0.7.1
    # via fpdf2
deprecation==2.1.0
    # via lancedb
detect-installer==0.1.0
    # via fastapi-cloud-cli
distro==1.9.0
    # via
    #   google-genai
    #   langsmith
    #   openai
    #   posthog
dnspython==2.8.0
    # via email-validator
docstring-parser==0.18.0
    # via
    #   cyclopts
    #   instructor
durationpy==0.10
    # via kubernetes
email-validator==2.3.0
    # via
    #   fastapi
    #   pydantic
et-xmlfile==2.0.0
    # via openpyxl
exceptiongroup==1.3.1
    # via fastmcp-slim
fastapi==0.141.1
    # via stock-market-researcher-backend (pyproject.toml)
fastapi-cli==0.0.32
    # via
    #   stock-market-researcher-backend (pyproject.toml)
    #   fastapi
fastapi-cloud-cli==0.23.0
    # via fastapi-cli
fastar==0.11.0
    # via
    #   fastapi
    #   fastapi-cloud-cli
fastmcp==3.4.5
    # via stock-market-researcher-backend (pyproject.toml)
fastmcp-slim==3.4.5
    # via
    #   stock-market-researcher-backend (pyproject.toml)
    #   fastmcp
fastuuid==0.14.0
    # via litellm
filelock==3.32.2
    # via huggingface-hub
flatbuffers==25.12.19
    # via onnxruntime
fonttools==4.63.0
    # via
    #   fpdf2
    #   weasyprint
fpdf2==2.8.7
    # via stock-market-researcher-backend (pyproject.toml)
frozenlist==1.8.0
    # via
    #   aiohttp
    #   aiosignal
fsspec==2026.7.0
    # via huggingface-hub
google-auth==2.56.2
    # via google-genai
google-genai==2.16.0
    # via stock-market-researcher-backend (pyproject.toml)
google-re2==1.1.20251105
    # via cel-python
googleapis-common-protos==1.75.0
    # via
    #   opentelemetry-exporter-otlp-proto-grpc
    #   opentelemetry-exporter-otlp-proto-http
greenlet==3.5.4
    # via sqlalchemy
griffelib==2.1.0
    # via fastmcp-slim
grpcio==1.83.0
    # via
    #   chromadb
    #   opentelemetry-exporter-otlp-proto-grpc
h11==0.16.0
    # via
    #   httpcore
    #   uvicorn
hf-xet==1.5.2
    # via huggingface-hub
httpcore==1.0.9
    # via
    #   stock-market-researcher-backend (pyproject.toml)
    #   httpx
httptools==0.8.0
    # via uvicorn
httpx==0.28.1
    # via
    #   chromadb
    #   crewai
    #   crewai-cli
    #   crewai-core
    #   fastapi
    #   fastapi-cloud-cli
    #   fastmcp-slim
    #   google-genai
    #   huggingface-hub
    #   langfuse
    #   langgraph-sdk
    #   langsmith
    #   litellm
    #   mcp
    #   openai
httpx-sse==0.4.3
    # via mcp
huggingface-hub==1.26.0
    # via
    #   stock-market-researcher-backend (pyproject.toml)
    #   tokenizers
idna==3.18
    # via
    #   anyio
    #   email-validator
    #   httpx
    #   requests
    #   yarl
importlib-metadata==8.9.0
    # via litellm
importlib-resources==7.1.0
    # via chromadb
instructor==1.15.4
    # via crewai
jaraco-classes==3.4.0
    # via keyring
jaraco-context==6.1.2
    # via keyring
jaraco-functools==4.6.0
    # via keyring
jinja2==3.1.6
    # via
    #   fastapi
    #   instructor
    #   litellm
    #   md2pdf
jiter==0.14.0
    # via
    #   instructor
    #   openai
jmespath==1.1.0
    # via cel-python
joserfc==1.7.4
    # via
    #   authlib
    #   fastmcp-slim
json-repair==0.60.1
    # via crewai
json5==0.10.0
    # via crewai
jsonpatch==1.33
    # via langchain-core
jsonpointer==3.1.1
    # via jsonpatch
jsonref==1.1.0
    # via
    #   crewai
    #   fastmcp-slim
jsonschema==4.26.0
    # via
    #   chromadb
    #   litellm
    #   mcp
jsonschema-path==0.5.0
    # via fastmcp-slim
jsonschema-specifications==2025.9.1
    # via jsonschema
keyring==25.7.0
    # via py-key-value-aio
kubernetes==36.0.3
    # via chromadb
lance-namespace==0.9.0
    # via lancedb
lance-namespace-urllib3-client==0.9.0
    # via lance-namespace
lancedb==0.30.0
    # via crewai
langchain==1.3.14
    # via stock-market-researcher-backend (pyproject.toml)
langchain-chroma==1.0.0
    # via stock-market-researcher-backend (pyproject.toml)
langchain-core==1.5.3
    # via
    #   stock-market-researcher-backend (pyproject.toml)
    #   langchain
    #   langchain-chroma
    #   langchain-mcp-adapters
    #   langgraph
    #   langgraph-checkpoint
    #   langgraph-prebuilt
    #   langgraph-sdk
langchain-mcp-adapters==0.3.1
    # via stock-market-researcher-backend (pyproject.toml)
langchain-protocol==0.0.18
    # via
    #   stock-market-researcher-backend (pyproject.toml)
    #   langchain-core
    #   langgraph-sdk
langfuse==4.14.2
    # via stock-market-researcher-backend (pyproject.toml)
langgraph==1.2.10
    # via
    #   stock-market-researcher-backend (pyproject.toml)
    #   langchain
langgraph-checkpoint==4.1.1
    # via
    #   stock-market-researcher-backend (pyproject.toml)
    #   langgraph
    #   langgraph-prebuilt
langgraph-prebuilt==1.1.0
    # via
    #   stock-market-researcher-backend (pyproject.toml)
    #   langgraph
langgraph-sdk==0.4.2
    # via
    #   stock-market-researcher-backend (pyproject.toml)
    #   langgraph
langsmith==0.10.15
    # via
    #   stock-market-researcher-backend (pyproject.toml)
    #   langchain-core
lark==1.3.1
    # via cel-python
linkify-it-py==2.1.0
    # via
    #   stock-market-researcher-backend (pyproject.toml)
    #   markdown-it-py
litellm==1.94.1
    # via stock-market-researcher-backend (pyproject.toml)
mako==1.3.12
    # via alembic
markdown==3.10.3
    # via
    #   md2pdf
    #   pymdown-extensions
markdown-it-py==4.2.0
    # via
    #   stock-market-researcher-backend (pyproject.toml)
    #   mdit-py-plugins
    #   rich
    #   textual
markupsafe==3.0.3
    # via
    #   stock-market-researcher-backend (pyproject.toml)
    #   jinja2
    #   mako
mcp==1.28.1
    # via
    #   stock-market-researcher-backend (pyproject.toml)
    #   crewai
    #   fastmcp-slim
    #   langchain-mcp-adapters
md2pdf==3.1.1
    # via stock-market-researcher-backend (pyproject.toml)
mdit-py-plugins==0.6.1
    # via
    #   stock-market-researcher-backend (pyproject.toml)
    #   textual
mdurl==0.1.2
    # via
    #   stock-market-researcher-backend (pyproject.toml)
    #   markdown-it-py
mmh3==5.2.1
    # via
    #   stock-market-researcher-backend (pyproject.toml)
    #   chromadb
more-itertools==11.1.0
    # via
    #   stock-market-researcher-backend (pyproject.toml)
    #   jaraco-classes
    #   jaraco-functools
multidict==6.7.1
    # via
    #   stock-market-researcher-backend (pyproject.toml)
    #   aiohttp
    #   yarl
multitasking==0.0.13
    # via
    #   stock-market-researcher-backend (pyproject.toml)
    #   yfinance
newsapi-python==0.2.7
    # via stock-market-researcher-backend (pyproject.toml)
numpy==2.5.1
    # via
    #   stock-market-researcher-backend (pyproject.toml)
    #   chromadb
    #   lancedb
    #   langchain-chroma
    #   onnxruntime
    #   pandas
    #   yfinance
oauthlib==3.3.1
    # via requests-oauthlib
onnxruntime==1.28.0
    # via chromadb
openai==2.52.0
    # via
    #   stock-market-researcher-backend (pyproject.toml)
    #   crewai
    #   instructor
    #   litellm
openapi-pydantic==0.5.1
    # via fastmcp-slim
openinference-instrumentation==0.1.56
    # via openinference-instrumentation-google-genai
openinference-instrumentation-google-genai==1.3.0
    # via stock-market-researcher-backend (pyproject.toml)
openinference-semantic-conventions==0.1.30
    # via
    #   openinference-instrumentation
    #   openinference-instrumentation-google-genai
openpyxl==3.1.5
    # via crewai
opentelemetry-api==1.42.1
    # via
    #   chromadb
    #   crewai
    #   crewai-core
    #   fastmcp-slim
    #   langfuse
    #   openinference-instrumentation
    #   openinference-instrumentation-google-genai
    #   opentelemetry-exporter-otlp-proto-grpc
    #   opentelemetry-exporter-otlp-proto-http
    #   opentelemetry-instrumentation
    #   opentelemetry-sdk
    #   opentelemetry-semantic-conventions
opentelemetry-exporter-otlp-proto-common==1.42.1
    # via
    #   opentelemetry-exporter-otlp-proto-grpc
    #   opentelemetry-exporter-otlp-proto-http
opentelemetry-exporter-otlp-proto-grpc==1.42.1
    # via chromadb
opentelemetry-exporter-otlp-proto-http==1.42.1
    # via
    #   crewai
    #   crewai-core
    #   langfuse
opentelemetry-instrumentation==0.63b1
    # via openinference-instrumentation-google-genai
opentelemetry-proto==1.42.1
    # via
    #   opentelemetry-exporter-otlp-proto-common
    #   opentelemetry-exporter-otlp-proto-grpc
    #   opentelemetry-exporter-otlp-proto-http
opentelemetry-sdk==1.42.1
    # via
    #   chromadb
    #   crewai
    #   crewai-core
    #   langfuse
    #   openinference-instrumentation
    #   opentelemetry-exporter-otlp-proto-grpc
    #   opentelemetry-exporter-otlp-proto-http
opentelemetry-semantic-conventions==0.63b1
    # via
    #   openinference-instrumentation-google-genai
    #   opentelemetry-instrumentation
    #   opentelemetry-sdk
orjson==3.11.9
    # via
    #   chromadb
    #   langgraph-sdk
    #   langsmith
ormsgpack==1.12.2
    # via langgraph-checkpoint
overrides==7.7.0
    # via chromadb
packaging==26.2
    # via
    #   build
    #   crewai-cli
    #   crewai-core
    #   deprecation
    #   fastmcp-slim
    #   huggingface-hub
    #   lancedb
    #   langchain-core
    #   langfuse
    #   langsmith
    #   onnxruntime
    #   opentelemetry-instrumentation
pandas==3.0.5
    # via
    #   stock-market-researcher-backend (pyproject.toml)
    #   yfinance
pathable==0.6.0
    # via jsonschema-path
pdfminer-six==20260107
    # via pdfplumber
pdfplumber==0.11.10
    # via crewai
peewee==4.3.0
    # via yfinance
pendulum==3.2.0
    # via cel-python
pillow==12.3.0
    # via
    #   fpdf2
    #   pdfplumber
    #   weasyprint
platformdirs==4.11.0
    # via
    #   fastmcp-slim
    #   textual
    #   yfinance
portalocker==2.7.0
    # via
    #   crewai
    #   crewai-core
posthog==5.4.0
    # via chromadb
propcache==0.5.2
    # via
    #   aiohttp
    #   yarl
protobuf==6.33.6
    # via
    #   googleapis-common-protos
    #   onnxruntime
    #   opentelemetry-proto
    #   yfinance
py-key-value-aio==0.4.5
    # via fastmcp-slim
pyarrow==25.0.0
    # via lancedb
pyasn1==0.6.4
    # via pyasn1-modules
pyasn1-modules==0.4.2
    # via google-auth
pybase64==1.4.3
    # via chromadb
pycparser==3.0
    # via cffi
pydantic==2.12.5
    # via
    #   stock-market-researcher-backend (pyproject.toml)
    #   chromadb
    #   crewai
    #   crewai-cli
    #   crewai-core
    #   fastapi
    #   fastapi-cloud-cli
    #   fastmcp-slim
    #   google-genai
    #   instructor
    #   lance-namespace-urllib3-client
    #   lancedb
    #   langchain
    #   langchain-core
    #   langfuse
    #   langgraph
    #   langsmith
    #   litellm
    #   mcp
    #   openai
    #   openapi-pydantic
    #   pydantic-extra-types
    #   pydantic-settings
pydantic-core==2.41.5
    # via
    #   instructor
    #   pydantic
pydantic-extra-types==2.11.1
    # via fastapi
pydantic-settings==2.14.2
    # via
    #   stock-market-researcher-backend (pyproject.toml)
    #   crewai
    #   crewai-cli
    #   fastapi
    #   fastmcp-slim
    #   mcp
pydyf==0.12.1
    # via weasyprint
pygments==2.20.0
    # via
    #   md2pdf
    #   rich
    #   rich-rst
    #   textual
pyjwt==2.13.0
    # via
    #   stock-market-researcher-backend (pyproject.toml)
    #   crewai
    #   crewai-cli
    #   crewai-core
    #   mcp
pymdown-extensions==11.0.1
    # via md2pdf
pypdfium2==5.12.1
    # via pdfplumber
pyperclip==1.11.0
    # via fastmcp-slim
pyphen==0.17.2
    # via weasyprint
pypika==0.51.1
    # via chromadb
pyproject-hooks==1.2.0
    # via build
python-dateutil==2.9.0.post0
    # via
    #   kubernetes
    #   lance-namespace-urllib3-client
    #   pandas
    #   pendulum
    #   posthog
python-dotenv==1.2.2
    # via
    #   crewai
    #   crewai-cli
    #   fastmcp-slim
    #   litellm
    #   pydantic-settings
    #   uvicorn
python-frontmatter==1.3.0
    # via md2pdf
python-multipart==0.0.32
    # via
    #   fastapi
    #   fastmcp-slim
    #   mcp
pytz==2026.3.post1
    # via yfinance
pywin32==312
    # via
    #   mcp
    #   portalocker
pywin32-ctypes==0.2.3
    # via keyring
pyyaml==6.0.3
    # via
    #   cel-python
    #   chromadb
    #   crewai
    #   fastmcp-slim
    #   huggingface-hub
    #   jsonschema-path
    #   kubernetes
    #   langchain-core
    #   pymdown-extensions
    #   python-frontmatter
    #   uvicorn
redis==8.1.0
    # via stock-market-researcher-backend (pyproject.toml)
referencing==0.37.0
    # via
    #   jsonschema
    #   jsonschema-path
    #   jsonschema-specifications
regex==2026.1.15
    # via
    #   crewai
    #   tiktoken
requests==2.34.2
    # via
    #   google-auth
    #   google-genai
    #   instructor
    #   kubernetes
    #   langsmith
    #   newsapi-python
    #   opentelemetry-exporter-otlp-proto-http
    #   posthog
    #   requests-oauthlib
    #   requests-toolbelt
    #   tiktoken
    #   yfinance
requests-oauthlib==2.0.0
    # via kubernetes
requests-toolbelt==1.0.0
    # via langsmith
rich==14.3.4
    # via
    #   chromadb
    #   crewai-cli
    #   crewai-core
    #   curl-cffi
    #   cyclopts
    #   fastmcp-slim
    #   instructor
    #   rich-rst
    #   rich-toolkit
    #   textual
    #   typer
rich-rst==2.1.0
    # via cyclopts
rich-toolkit==0.20.3
    # via
    #   fastapi-cli
    #   fastapi-cloud-cli
rignore==0.8.0
    # via fastapi-cloud-cli
rpds-py==2026.6.3
    # via
    #   jsonschema
    #   referencing
sentry-sdk==2.66.1
    # via fastapi-cloud-cli
shellingham==1.5.4
    # via typer
six==1.17.0
    # via
    #   kubernetes
    #   posthog
    #   python-dateutil
sniffio==1.3.1
    # via
    #   google-genai
    #   langsmith
    #   openai
soupsieve==2.9.1
    # via beautifulsoup4
sqlalchemy==2.0.51
    # via
    #   stock-market-researcher-backend (pyproject.toml)
    #   alembic
sse-starlette==3.4.6
    # via mcp
starlette==1.3.1
    # via
    #   fastapi
    #   fastmcp-slim
    #   mcp
    #   sse-starlette
tenacity==9.1.4
    # via
    #   chromadb
    #   google-genai
    #   instructor
    #   langchain-core
textual==8.2.8
    # via crewai-cli
tiktoken==0.13.0
    # via litellm
tinycss2==1.5.1
    # via
    #   cssselect2
    #   weasyprint
tinyhtml5==2.1.0
    # via weasyprint
tokenizers==0.23.1
    # via
    #   chromadb
    #   crewai
    #   litellm
tomli==2.0.2
    # via
    #   crewai
    #   crewai-cli
    #   crewai-core
tomli-w==1.1.0
    # via
    #   crewai
    #   crewai-cli
tqdm==4.70.0
    # via
    #   chromadb
    #   huggingface-hub
    #   lancedb
    #   openai
typer==0.27.0
    # via
    #   chromadb
    #   fastapi-cli
    #   fastapi-cloud-cli
    #   instructor
typing-extensions==4.16.0
    # via
    #   aiosqlite
    #   alembic
    #   beautifulsoup4
    #   chromadb
    #   fastapi
    #   fastmcp-slim
    #   google-genai
    #   grpcio
    #   huggingface-hub
    #   lance-namespace-urllib3-client
    #   langchain-core
    #   langchain-mcp-adapters
    #   langchain-protocol
    #   langsmith
    #   mcp
    #   openai
    #   opentelemetry-api
    #   opentelemetry-exporter-otlp-proto-grpc
    #   opentelemetry-exporter-otlp-proto-http
    #   opentelemetry-sdk
    #   opentelemetry-semantic-conventions
    #   py-key-value-aio
    #   pydantic
    #   pydantic-core
    #   pydantic-extra-types
    #   rich-toolkit
    #   sqlalchemy
    #   textual
    #   typing-inspection
typing-inspection==0.4.2
    # via
    #   fastapi
    #   mcp
    #   pydantic
    #   pydantic-settings
tzdata==2026.3
    # via
    #   pandas
    #   pendulum
uc-micro-py==2.0.0
    # via linkify-it-py
uncalled-for==0.3.2
    # via fastmcp-slim
urllib3==2.7.0
    # via
    #   kubernetes
    #   lance-namespace-urllib3-client
    #   requests
    #   sentry-sdk
uuid-utils==0.17.0
    # via
    #   langchain-core
    #   langsmith
uv==0.11.33
    # via crewai-cli
uvicorn==0.52.0
    # via
    #   stock-market-researcher-backend (pyproject.toml)
    #   chromadb
    #   fastapi
    #   fastapi-cli
    #   fastapi-cloud-cli
    #   fastmcp-slim
    #   mcp
watchfiles==1.2.0
    # via
    #   fastmcp-slim
    #   uvicorn
weasyprint==69.0
    # via
    #   stock-market-researcher-backend (pyproject.toml)
    #   md2pdf
webencodings==0.5.1
    # via
    #   cssselect2
    #   tinycss2
    #   tinyhtml5
websocket-client==1.9.0
    # via kubernetes
websockets==15.0.1
    # via
    #   fastmcp-slim
    #   google-genai
    #   langgraph-sdk
    #   langsmith
    #   uvicorn
    #   yfinance
wrapt==2.3.0
    # via
    #   langfuse
    #   openinference-instrumentation
    #   openinference-instrumentation-google-genai
    #   opentelemetry-instrumentation
xxhash==3.8.1
    # via
    #   langgraph
    #   langsmith
yarl==1.24.5
    # via aiohttp
yfinance==1.5.2
    # via stock-market-researcher-backend (pyproject.toml)
zipp==4.1.0
    # via importlib-metadata
zopfli==0.4.3
    # via fonttools
zstandard==0.25.0
    # via langsmith
